<?xml version="1.0" encoding="utf-8"?>
<Project ToolsVersion="4.0" xmlns="http://schemas.microsoft.com/developer/msbuild/2003">
  <ItemGroup>
    <Filter Include="Source Files">
      <UniqueIdentifier>{4e7fe82c-2572-4aca-b271-2ce835da927a}</UniqueIdentifier>
      <Extensions>cpp;c;cxx;rc;def;r;odl;hpj;bat;for;f90</Extensions>
    </Filter>
    <Filter Include="Header Files">
      <UniqueIdentifier>{a5a1ec15-efe8-4582-a9a7-a87fc6b0ab74}</UniqueIdentifier>
      <Extensions>h;hpp;hxx;hm;inl;fi;fd</Extensions>
    </Filter>
    <Filter Include="Resource Files">
      <UniqueIdentifier>{63688567-6d15-4de2-ad73-d825641d3fbb}</UniqueIdentifier>
      <Extensions>ico;cur;bmp;dlg;rc2;rct;bin;cnt;rtf;gif;jpg;jpeg;jpe</Extensions>
    </Filter>
    <Filter Include="Source Files\MeshTopoData">
      <UniqueIdentifier>{063597d5-e3f1-4b7a-b53d-0d8210be46d2}</UniqueIdentifier>
    </Filter>
    <Filter Include="Source Files\Tools">
      <UniqueIdentifier>{ca12e932-30f3-482f-9251-947c6eeb0350}</UniqueIdentifier>
    </Filter>
    <Filter Include="Source Files\UI">
      <UniqueIdentifier>{7af3fdd7-bd90-48f0-874e-fe0700794704}</UniqueIdentifier>
    </Filter>
    <Filter Include="Source Files\Actions">
      <UniqueIdentifier>{cc4bd3c8-d8f2-4310-96d3-fa51ae921932}</UniqueIdentifier>
    </Filter>
    <Filter Include="Header Files\Tools">
      <UniqueIdentifier>{216a2940-1743-4508-b61c-919433396e56}</UniqueIdentifier>
    </Filter>
    <Filter Include="Header Files\interfaces">
      <UniqueIdentifier>{ab87f372-9173-4d32-9e16-5707fb62177e}</UniqueIdentifier>
    </Filter>
    <Filter Include="Source Files\MapIOModifier">
      <UniqueIdentifier>{e570f4e8-7b57-4f5e-ac04-2cb5c920ead8}</UniqueIdentifier>
    </Filter>
  </ItemGroup>
  <ItemGroup>
    <ClCompile Include="Defaults.cpp">
      <Filter>Source Files</Filter>
    </ClCompile>
    <ClCompile Include="DllEntry.cpp">
      <Filter>Source Files</Filter>
    </ClCompile>
    <ClCompile Include="publishedFunctions.cpp">
      <Filter>Source Files</Filter>
    </ClCompile>
    <ClCompile Include="sctex.cpp">
      <Filter>Source Files</Filter>
    </ClCompile>
    <ClCompile Include="undo.cpp">
      <Filter>Source Files</Filter>
    </ClCompile>
    <ClCompile Include="unwrap.cpp">
      <Filter>Source Files</Filter>
    </ClCompile>
    <ClCompile Include="Unwrap_PaintDialogMethods.cpp">
      <Filter>Source Files</Filter>
    </ClCompile>
    <ClCompile Include="MeshTopoData_RelaxMethods.cpp">
      <Filter>Source Files\MeshTopoData</Filter>
    </ClCompile>
    <ClCompile Include="MeshTopoData.cpp">
      <Filter>Source Files\MeshTopoData</Filter>
    </ClCompile>
    <ClCompile Include="MeshTopoData_MappingMethods.cpp">
      <Filter>Source Files\MeshTopoData</Filter>
    </ClCompile>
    <ClCompile Include="MeshTopoData_MeshMethods.cpp">
      <Filter>Source Files\MeshTopoData</Filter>
    </ClCompile>
    <ClCompile Include="MeshTopoData_MNMeshMethods.cpp">
      <Filter>Source Files\MeshTopoData</Filter>
    </ClCompile>
    <ClCompile Include="MeshTopoData_PatchMethods.cpp">
      <Filter>Source Files\MeshTopoData</Filter>
    </ClCompile>
    <ClCompile Include="ToolCopyPaste.cpp">
      <Filter>Source Files\Tools</Filter>
    </ClCompile>
    <ClCompile Include="ToolUVWTweak.cpp">
      <Filter>Source Files\Tools</Filter>
    </ClCompile>
    <ClCompile Include="ToolFlatten.cpp">
      <Filter>Source Files\Tools</Filter>
    </ClCompile>
    <ClCompile Include="ToolGrouping.cpp">
      <Filter>Source Files\Tools</Filter>
    </ClCompile>
    <ClCompile Include="ToolGroupingActions.cpp">
      <Filter>Source Files\Tools</Filter>
    </ClCompile>
    <ClCompile Include="ToolGroupingData.cpp">
      <Filter>Source Files\Tools</Filter>
    </ClCompile>
    <ClCompile Include="ToolGroupingUndo.cpp">
      <Filter>Source Files\Tools</Filter>
    </ClCompile>
    <ClCompile Include="ToolLSCM.cpp">
      <Filter>Source Files\Tools</Filter>
    </ClCompile>
    <ClCompile Include="ToolMapping.cpp">
      <Filter>Source Files\Tools</Filter>
    </ClCompile>
    <ClCompile Include="ToolNormalMap.cpp">
      <Filter>Source Files\Tools</Filter>
    </ClCompile>
    <ClCompile Include="ToolPelt.cpp">
      <Filter>Source Files\Tools</Filter>
    </ClCompile>
    <ClCompile Include="ToolPeltEdgeSelectMode.cpp">
      <Filter>Source Files\Tools</Filter>
    </ClCompile>
    <ClCompile Include="ToolRegularMap.cpp">
      <Filter>Source Files\Tools</Filter>
    </ClCompile>
    <ClCompile Include="ToolRegularMapScriptCommands.cpp">
      <Filter>Source Files\Tools</Filter>
    </ClCompile>
    <ClCompile Include="ToolRegularMapUndo.cpp">
      <Filter>Source Files\Tools</Filter>
    </ClCompile>
    <ClCompile Include="ToolRelax.cpp">
      <Filter>Source Files\Tools</Filter>
    </ClCompile>
    <ClCompile Include="ToolRelaxBySprings.cpp">
      <Filter>Source Files\Tools</Filter>
    </ClCompile>
    <ClCompile Include="ToolRenderUVs.cpp">
      <Filter>Source Files\Tools</Filter>
    </ClCompile>
    <ClCompile Include="ToolSelect.cpp">
      <Filter>Source Files\Tools</Filter>
    </ClCompile>
    <ClCompile Include="ToolSketch.cpp">
      <Filter>Source Files\Tools</Filter>
    </ClCompile>
    <ClCompile Include="ToolSolver.cpp">
      <Filter>Source Files\Tools</Filter>
    </ClCompile>
    <ClCompile Include="ToolSplineMapping.cpp">
      <Filter>Source Files\Tools</Filter>
    </ClCompile>
    <ClCompile Include="ToolSplineMapping_CommandModes.cpp">
      <Filter>Source Files\Tools</Filter>
    </ClCompile>
    <ClCompile Include="ToolSplineMapping_SplineData.cpp">
      <Filter>Source Files\Tools</Filter>
    </ClCompile>
    <ClCompile Include="ToolSplineMapping_Undo.cpp">
      <Filter>Source Files\Tools</Filter>
    </ClCompile>
    <ClCompile Include="ToolSplineMapping_UnwrapFunctions.cpp">
      <Filter>Source Files\Tools</Filter>
    </ClCompile>
    <ClCompile Include="ToolStitch.cpp">
      <Filter>Source Files\Tools</Filter>
    </ClCompile>
    <ClCompile Include="ToolUnfold.cpp">
      <Filter>Source Files\Tools</Filter>
    </ClCompile>
    <ClCompile Include="TVData.cpp">
      <Filter>Source Files\MeshTopoData</Filter>
    </ClCompile>
    <ClCompile Include="UtilCluster.cpp">
      <Filter>Source Files\Tools</Filter>
    </ClCompile>
    <ClCompile Include="Actions.cpp">
      <Filter>Source Files\Actions</Filter>
    </ClCompile>
    <ClCompile Include="Actions_Checked.cpp">
      <Filter>Source Files\Actions</Filter>
    </ClCompile>
    <ClCompile Include="Actions_Enabled.cpp">
      <Filter>Source Files\Actions</Filter>
    </ClCompile>
    <ClCompile Include="Actions_Execute.cpp">
      <Filter>Source Files\Actions</Filter>
    </ClCompile>
    <ClCompile Include="UnwrapCustomToolBar.cpp">
      <Filter>Source Files\UI</Filter>
    </ClCompile>
    <ClCompile Include="UnwrapCustomToolBarSetup.cpp">
      <Filter>Source Files\UI</Filter>
    </ClCompile>
    <ClCompile Include="UnwrapCustomUI.cpp">
      <Filter>Source Files\UI</Filter>
    </ClCompile>
    <ClCompile Include="ActionLookup.cpp">
      <Filter>Source Files\Actions</Filter>
    </ClCompile>
    <ClCompile Include="UnwrapModifierPanel.cpp">
      <Filter>Source Files\UI</Filter>
    </ClCompile>
    <ClCompile Include="UnwrapSideBarUI.cpp">
      <Filter>Source Files\UI</Filter>
    </ClCompile>
    <ClCompile Include="TvConnectionInfo.cpp">
      <Filter>Source Files\MeshTopoData</Filter>
    </ClCompile>
    <ClCompile Include="IniFileIO.cpp">
      <Filter>Source Files</Filter>
    </ClCompile>
    <ClCompile Include="UnwrapRenderItem.cpp">
      <Filter>Source Files</Filter>
    </ClCompile>
    <ClCompile Include="PeelModeDialog.cpp">
      <Filter>Source Files\UI</Filter>
    </ClCompile>
    <ClCompile Include="unwrapMouseProc.cpp">
      <Filter>Source Files</Filter>
    </ClCompile>
    <ClCompile Include="UnwrapRenderItemDistortion.cpp">
      <Filter>Source Files</Filter>
    </ClCompile>
    <ClCompile Include="UnwrapImages.cpp">
      <Filter>Source Files</Filter>
    </ClCompile>
    <ClCompile Include="Unwrap_PaintDialogMethodsLegacy.cpp">
      <Filter>Source Files</Filter>
    </ClCompile>
    <ClCompile Include="Unwrap_SnapSetting.cpp">
      <Filter>Source Files\UI</Filter>
    </ClCompile>
    <ClCompile Include="UtilityMethods.cpp">
      <Filter>Source Files</Filter>
    </ClCompile>
    <ClCompile Include="MapIOModifier\MapIOModifier.cpp">
      <Filter>Source Files\MapIOModifier</Filter>
    </ClCompile>
    <ClCompile Include="MapIOModifier\MapIO.cpp">
      <Filter>Source Files\MapIOModifier</Filter>
    </ClCompile>
  </ItemGroup>
  <ItemGroup>
    <ResourceCompile Include="mods.rc">
      <Filter>Source Files</Filter>
    </ResourceCompile>
  </ItemGroup>
  <ItemGroup>
    <ClInclude Include="unwrap_banned.h">
      <Filter>Header Files</Filter>
    </ClInclude>
    <ClInclude Include="MeshTopoData.h">
      <Filter>Header Files</Filter>
    </ClInclude>
    <ClInclude Include="mods.h">
      <Filter>Header Files</Filter>
    </ClInclude>
    <ClInclude Include="modsres.h">
      <Filter>Header Files</Filter>
    </ClInclude>
    <ClInclude Include="PeltData.h">
      <Filter>Header Files</Filter>
    </ClInclude>
    <ClInclude Include="resourceOverride.h">
      <Filter>Header Files</Filter>
    </ClInclude>
    <ClInclude Include="TVData.h">
      <Filter>Header Files</Filter>
    </ClInclude>
    <ClInclude Include="undo.h">
      <Filter>Header Files</Filter>
    </ClInclude>
    <ClInclude Include="unwrap.h">
      <Filter>Header Files</Filter>
    </ClInclude>
    <ClInclude Include="veroverrides.h">
      <Filter>Header Files</Filter>
    </ClInclude>
    <ClInclude Include="UnwrapSideBarUI.h">
      <Filter>Header Files</Filter>
    </ClInclude>
    <ClInclude Include="UnwrapCustomUI.h">
      <Filter>Header Files</Filter>
    </ClInclude>
    <ClInclude Include="UnwrapModifierPanelUI.h">
      <Filter>Header Files</Filter>
    </ClInclude>
    <ClInclude Include="UnwrapCustomToolBars.h">
      <Filter>Header Files</Filter>
    </ClInclude>
    <ClInclude Include="TvConnectionInfo.h">
      <Filter>Header Files</Filter>
    </ClInclude>
    <ClInclude Include="IniFileIO.h">
      <Filter>Header Files</Filter>
    </ClInclude>
    <ClInclude Include="UnwrapRenderItem.h">
      <Filter>Header Files</Filter>
    </ClInclude>
    <ClInclude Include="TopoChangedManager.h">
      <Filter>Header Files</Filter>
    </ClInclude>
    <ClInclude Include="Painter2D.h">
      <Filter>Header Files</Filter>
    </ClInclude>
    <ClInclude Include="unwrapMouseProc.h">
      <Filter>Header Files</Filter>
    </ClInclude>
    <ClInclude Include="UnwrapRenderItemDistortion.h">
      <Filter>Header Files</Filter>
    </ClInclude>
    <ClInclude Include="Painter2DLegacy.h">
      <Filter>Header Files</Filter>
    </ClInclude>
    <ClInclude Include="ClusterClass.h">
      <Filter>Header Files</Filter>
    </ClInclude>
    <ClInclude Include="ToolGrouping.h">
      <Filter>Header Files\Tools</Filter>
    </ClInclude>
    <ClInclude Include="ToolGroupingData.h">
      <Filter>Header Files\Tools</Filter>
    </ClInclude>
    <ClInclude Include="ToolLSCM.h">
      <Filter>Header Files\Tools</Filter>
    </ClInclude>
    <ClInclude Include="ToolPeltEdgeSelectMode.h">
      <Filter>Header Files\Tools</Filter>
    </ClInclude>
    <ClInclude Include="ToolRegularMap.h">
      <Filter>Header Files\Tools</Filter>
    </ClInclude>
    <ClInclude Include="ToolRelax.h">
      <Filter>Header Files\Tools</Filter>
    </ClInclude>
    <ClInclude Include="utilityMethods.h">
      <Filter>Header Files</Filter>
    </ClInclude>
    <ClInclude Include="IClusterInternal.h">
      <Filter>Header Files\interfaces</Filter>
    </ClInclude>
    <ClInclude Include="IMeshTopoDataContainer.h">
      <Filter>Header Files\interfaces</Filter>
    </ClInclude>
    <ClInclude Include="IUnwrapInternal.h">
      <Filter>Header Files\interfaces</Filter>
    </ClInclude>
    <ClInclude Include="ITopoChangedListener.h">
      <Filter>Header Files\interfaces</Filter>
    </ClInclude>
    <ClInclude Include="IUnwrapMax8.h">
      <Filter>Header Files\interfaces</Filter>
    </ClInclude>
    <ClInclude Include="MapIOModifier\MapIOModifier.h">
      <Filter>Source Files\MapIOModifier</Filter>
    </ClInclude>
    <ClInclude Include="MapIOModifier\MapIO.h">
      <Filter>Source Files\MapIOModifier</Filter>
    </ClInclude>
  </ItemGroup>
  <ItemGroup>
    <None Include="unwrap.def">
      <Filter>Source Files</Filter>
    </None>
    <None Include="mask_subobjtypes.bmp">
      <Filter>Resource Files</Filter>
    </None>
    <None Include="mask_unw.bmp">
      <Filter>Resource Files</Filter>
    </None>
    <None Include="subobjtypes.bmp">
      <Filter>Resource Files</Filter>
    </None>
    <None Include="unwrap_option.bmp">
      <Filter>Resource Files</Filter>
    </None>
    <None Include="unwrap_option_mask.bmp">
      <Filter>Resource Files</Filter>
    </None>
    <None Include="unwrap_transform.bmp">
      <Filter>Resource Files</Filter>
    </None>
    <None Include="unwrap_transform_mask.bmp">
      <Filter>Resource Files</Filter>
    </None>
    <None Include="unwrap_verts.bmp">
      <Filter>Resource Files</Filter>
    </None>
    <None Include="unwrap_verts_mask.bmp">
      <Filter>Resource Files</Filter>
    </None>
    <None Include="unwrap_view.bmp">
      <Filter>Resource Files</Filter>
    </None>
    <None Include="unwrap_view_mask.bmp">
      <Filter>Resource Files</Filter>
    </None>
    <None Include="unwrapto.bmp">
      <Filter>Resource Files</Filter>
    </None>
    <None Include="UnwrapShader.fx">
      <Filter>Resource Files</Filter>
    </None>
  </ItemGroup>
</Project>